// !$*UTF8*$!
{
	archiveVersion = 1;
	classes = {
	};
	objectVersion = 55;
	objects = {

/* Begin PBXBuildFile section */
		040F287028C206F400DC0EE1 /* RadioSectionView.swift in Sources */ = {isa = PBXBuildFile; fileRef = 040F286F28C206F400DC0EE1 /* RadioSectionView.swift */; };
		040F287328C20C7100DC0EE1 /* RadioModel.swift in Sources */ = {isa = PBXBuildFile; fileRef = 040F287228C20C7100DC0EE1 /* RadioModel.swift */; };
		040F287528C2199900DC0EE1 /* RadioView.swift in Sources */ = {isa = PBXBuildFile; fileRef = 040F287428C2199900DC0EE1 /* RadioView.swift */; };
		040F287728C2254B00DC0EE1 /* StationView.swift in Sources */ = {isa = PBXBuildFile; fileRef = 040F287628C2254B00DC0EE1 /* StationView.swift */; };
		040F287928C22E0E00DC0EE1 /* StationSectionView.swift in Sources */ = {isa = PBXBuildFile; fileRef = 040F287828C22E0E00DC0EE1 /* StationSectionView.swift */; };
		048135FD28BA8E400006AB63 /* ListModel.swift in Sources */ = {isa = PBXBuildFile; fileRef = 048135FC28BA8E3F0006AB63 /* ListModel.swift */; };
		04819A3928BA7E3300F57982 /* AppleMusicSwiftUIApp.swift in Sources */ = {isa = PBXBuildFile; fileRef = 04819A3828BA7E3300F57982 /* AppleMusicSwiftUIApp.swift */; };
		04819A3B28BA7E3300F57982 /* LibraryView.swift in Sources */ = {isa = PBXBuildFile; fileRef = 04819A3A28BA7E3300F57982 /* LibraryView.swift */; };
		04819A3D28BA7E3500F57982 /* Assets.xcassets in Resources */ = {isa = PBXBuildFile; fileRef = 04819A3C28BA7E3500F57982 /* Assets.xcassets */; };
		04819A4028BA7E3500F57982 /* Preview Assets.xcassets in Resources */ = {isa = PBXBuildFile; fileRef = 04819A3F28BA7E3500F57982 /* Preview Assets.xcassets */; };
		04819A4B28BA7F8B00F57982 /* MainView.swift in Sources */ = {isa = PBXBuildFile; fileRef = 04819A4A28BA7F8B00F57982 /* MainView.swift */; };
		04819A4E28BA805500F57982 /* ListView.swift in Sources */ = {isa = PBXBuildFile; fileRef = 04819A4D28BA805500F57982 /* ListView.swift */; };
		04819A5028BA80A400F57982 /* PlayerView.swift in Sources */ = {isa = PBXBuildFile; fileRef = 04819A4F28BA80A400F57982 /* PlayerView.swift */; };
		04DDF9CF28BB57CF00F81A86 /* MediaRowView.swift in Sources */ = {isa = PBXBuildFile; fileRef = 04DDF9CE28BB57CF00F81A86 /* MediaRowView.swift */; };
/* End PBXBuildFile section */

/* Begin PBXFileReference section */
		040F286F28C206F400DC0EE1 /* RadioSectionView.swift */ = {isa = PBXFileReference; lastKnownFileType = sourcecode.swift; path = RadioSectionView.swift; sourceTree = "<group>"; };
		040F287228C20C7100DC0EE1 /* RadioModel.swift */ = {isa = PBXFileReference; lastKnownFileType = sourcecode.swift; path = RadioModel.swift; sourceTree = "<group>"; };
		040F287428C2199900DC0EE1 /* RadioView.swift */ = {isa = PBXFileReference; lastKnownFileType = sourcecode.swift; path = RadioView.swift; sourceTree = "<group>"; };
		040F287628C2254B00DC0EE1 /* StationView.swift */ = {isa = PBXFileReference; lastKnownFileType = sourcecode.swift; path = StationView.swift; sourceTree = "<group>"; };
		040F287828C22E0E00DC0EE1 /* StationSectionView.swift */ = {isa = PBXFileReference; lastKnownFileType = sourcecode.swift; path = StationSectionView.swift; sourceTree = "<group>"; };
		048135FC28BA8E3F0006AB63 /* ListModel.swift */ = {isa = PBXFileReference; lastKnownFileType = sourcecode.swift; path = ListModel.swift; sourceTree = "<group>"; };
		04819A3528BA7E3300F57982 /* AppleMusicSwiftUI.app */ = {isa = PBXFileReference; explicitFileType = wrapper.application; includeInIndex = 0; path = AppleMusicSwiftUI.app; sourceTree = BUILT_PRODUCTS_DIR; };
		04819A3828BA7E3300F57982 /* AppleMusicSwiftUIApp.swift */ = {isa = PBXFileReference; lastKnownFileType = sourcecode.swift; path = AppleMusicSwiftUIApp.swift; sourceTree = "<group>"; };
		04819A3A28BA7E3300F57982 /* LibraryView.swift */ = {isa = PBXFileReference; lastKnownFileType = sourcecode.swift; path = LibraryView.swift; sourceTree = "<group>"; };
		04819A3C28BA7E3500F57982 /* Assets.xcassets */ = {isa = PBXFileReference; lastKnownFileType = folder.assetcatalog; path = Assets.xcassets; sourceTree = "<group>"; };
		04819A3F28BA7E3500F57982 /* Preview Assets.xcassets */ = {isa = PBXFileReference; lastKnownFileType = folder.assetcatalog; path = "Preview Assets.xcassets"; sourceTree = "<group>"; };
		04819A4A28BA7F8B00F57982 /* MainView.swift */ = {isa = PBXFileReference; lastKnownFileType = sourcecode.swift; path = MainView.swift; sourceTree = "<group>"; };
		04819A4C28BA7FCA00F57982 /* Info.plist */ = {isa = PBXFileReference; lastKnownFileType = text.plist.xml; path = Info.plist; sourceTree = "<group>"; };
		04819A4D28BA805500F57982 /* ListView.swift */ = {isa = PBXFileReference; lastKnownFileType = sourcecode.swift; path = ListView.swift; sourceTree = "<group>"; };
		04819A4F28BA80A400F57982 /* PlayerView.swift */ = {isa = PBXFileReference; lastKnownFileType = sourcecode.swift; path = PlayerView.swift; sourceTree = "<group>"; };
		04DDF9CE28BB57CF00F81A86 /* MediaRowView.swift */ = {isa = PBXFileReference; lastKnownFileType = sourcecode.swift; path = MediaRowView.swift; sourceTree = "<group>"; };
/* End PBXFileReference section */

/* Begin PBXFrameworksBuildPhase section */
		04819A3228BA7E3300F57982 /* Frameworks */ = {
			isa = PBXFrameworksBuildPhase;
			buildActionMask = 2147483647;
			files = (
			);
			runOnlyForDeploymentPostprocessing = 0;
		};
/* End PBXFrameworksBuildPhase section */

/* Begin PBXGroup section */
		040F286C28C1FA3B00DC0EE1 /* MainModule */ = {
			isa = PBXGroup;
			children = (
				04819A4A28BA7F8B00F57982 /* MainView.swift */,
			);
			path = MainModule;
			sourceTree = "<group>";
		};
		040F286D28C1FAEA00DC0EE1 /* LibraryView */ = {
			isa = PBXGroup;
			children = (
				04819A3A28BA7E3300F57982 /* LibraryView.swift */,
				04819A4F28BA80A400F57982 /* PlayerView.swift */,
			);
			path = LibraryView;
			sourceTree = "<group>";
		};
		040F286E28C1FB6000DC0EE1 /* RadioModule */ = {
			isa = PBXGroup;
			children = (
				040F287128C20C5300DC0EE1 /* Model */,
				040F287428C2199900DC0EE1 /* RadioView.swift */,
				040F286F28C206F400DC0EE1 /* RadioSectionView.swift */,
				040F287628C2254B00DC0EE1 /* StationView.swift */,
				040F287828C22E0E00DC0EE1 /* StationSectionView.swift */,
			);
			path = RadioModule;
			sourceTree = "<group>";
		};
		040F287128C20C5300DC0EE1 /* Model */ = {
			isa = PBXGroup;
			children = (
				040F287228C20C7100DC0EE1 /* RadioModel.swift */,
			);
			path = Model;
			sourceTree = "<group>";
		};
		048135FB28BA8E250006AB63 /* Model */ = {
			isa = PBXGroup;
			children = (
				048135FC28BA8E3F0006AB63 /* ListModel.swift */,
			);
			path = Model;
			sourceTree = "<group>";
		};
		04819A2C28BA7E3300F57982 = {
			isa = PBXGroup;
			children = (
				04819A3728BA7E3300F57982 /* AppleMusicSwiftUI */,
				04819A3628BA7E3300F57982 /* Products */,
			);
			sourceTree = "<group>";
		};
		04819A3628BA7E3300F57982 /* Products */ = {
			isa = PBXGroup;
			children = (
				04819A3528BA7E3300F57982 /* AppleMusicSwiftUI.app */,
			);
			name = Products;
			sourceTree = "<group>";
		};
		04819A3728BA7E3300F57982 /* AppleMusicSwiftUI */ = {
			isa = PBXGroup;
			children = (
				04819A5628BA875400F57982 /* Sources */,
				04819A5528BA874400F57982 /* Resources */,
			);
			path = AppleMusicSwiftUI;
			sourceTree = "<group>";
		};
		04819A3E28BA7E3500F57982 /* Preview Content */ = {
			isa = PBXGroup;
			children = (
				04819A3F28BA7E3500F57982 /* Preview Assets.xcassets */,
			);
			path = "Preview Content";
			sourceTree = "<group>";
		};
		04819A4628BA7EF900F57982 /* Application */ = {
			isa = PBXGroup;
			children = (
				04819A3828BA7E3300F57982 /* AppleMusicSwiftUIApp.swift */,
			);
			path = Application;
			sourceTree = "<group>";
		};
		04819A5328BA857A00F57982 /* MediaModule */ = {
			isa = PBXGroup;
			children = (
				040F286D28C1FAEA00DC0EE1 /* LibraryView */,
				04819A5428BA85A900F57982 /* ListView */,
			);
			path = MediaModule;
			sourceTree = "<group>";
		};
		04819A5428BA85A900F57982 /* ListView */ = {
			isa = PBXGroup;
			children = (
				048135FB28BA8E250006AB63 /* Model */,
				04819A4D28BA805500F57982 /* ListView.swift */,
				04DDF9CE28BB57CF00F81A86 /* MediaRowView.swift */,
			);
			path = ListView;
			sourceTree = "<group>";
		};
		04819A5528BA874400F57982 /* Resources */ = {
			isa = PBXGroup;
			children = (
				04819A5728BA876B00F57982 /* Configuration */,
				04819A3E28BA7E3500F57982 /* Preview Content */,
				04819A5828BA877600F57982 /* Supporting Files */,
			);
			path = Resources;
			sourceTree = "<group>";
		};
		04819A5628BA875400F57982 /* Sources */ = {
			isa = PBXGroup;
			children = (
				04819A4628BA7EF900F57982 /* Application */,
				040F286C28C1FA3B00DC0EE1 /* MainModule */,
				04819A5328BA857A00F57982 /* MediaModule */,
				040F286E28C1FB6000DC0EE1 /* RadioModule */,
			);
			path = Sources;
			sourceTree = "<group>";
		};
		04819A5728BA876B00F57982 /* Configuration */ = {
			isa = PBXGroup;
			children = (
				04819A4C28BA7FCA00F57982 /* Info.plist */,
			);
			path = Configuration;
			sourceTree = "<group>";
		};
		04819A5828BA877600F57982 /* Supporting Files */ = {
			isa = PBXGroup;
			children = (
				04819A3C28BA7E3500F57982 /* Assets.xcassets */,
			);
			path = "Supporting Files";
			sourceTree = "<group>";
		};
/* End PBXGroup section */

/* Begin PBXNativeTarget section */
		04819A3428BA7E3300F57982 /* AppleMusicSwiftUI */ = {
			isa = PBXNativeTarget;
			buildConfigurationList = 04819A4328BA7E3500F57982 /* Build configuration list for PBXNativeTarget "AppleMusicSwiftUI" */;
			buildPhases = (
				04819A3128BA7E3300F57982 /* Sources */,
				04819A3228BA7E3300F57982 /* Frameworks */,
				04819A3328BA7E3300F57982 /* Resources */,
			);
			buildRules = (
			);
			dependencies = (
			);
			name = AppleMusicSwiftUI;
			productName = AppleMusicSwiftUI;
			productReference = 04819A3528BA7E3300F57982 /* AppleMusicSwiftUI.app */;
			productType = "com.apple.product-type.application";
		};
/* End PBXNativeTarget section */

/* Begin PBXProject section */
		04819A2D28BA7E3300F57982 /* Project object */ = {
			isa = PBXProject;
			attributes = {
				BuildIndependentTargetsInParallel = 1;
				LastSwiftUpdateCheck = 1340;
				LastUpgradeCheck = 1340;
				TargetAttributes = {
					04819A3428BA7E3300F57982 = {
						CreatedOnToolsVersion = 13.4.1;
					};
				};
			};
			buildConfigurationList = 04819A3028BA7E3300F57982 /* Build configuration list for PBXProject "AppleMusicSwiftUI" */;
			compatibilityVersion = "Xcode 13.0";
			developmentRegion = en;
			hasScannedForEncodings = 0;
			knownRegions = (
				en,
				Base,
			);
			mainGroup = 04819A2C28BA7E3300F57982;
			productRefGroup = 04819A3628BA7E3300F57982 /* Products */;
			projectDirPath = "";
			projectRoot = "";
			targets = (
				04819A3428BA7E3300F57982 /* AppleMusicSwiftUI */,
			);
		};
/* End PBXProject section */

/* Begin PBXResourcesBuildPhase section */
		04819A3328BA7E3300F57982 /* Resources */ = {
			isa = PBXResourcesBuildPhase;
			buildActionMask = 2147483647;
			files = (
				04819A4028BA7E3500F57982 /* Preview Assets.xcassets in Resources */,
				04819A3D28BA7E3500F57982 /* Assets.xcassets in Resources */,
			);
			runOnlyForDeploymentPostprocessing = 0;
		};
/* End PBXResourcesBuildPhase section */

/* Begin PBXSourcesBuildPhase section */
		04819A3128BA7E3300F57982 /* Sources */ = {
			isa = PBXSourcesBuildPhase;
			buildActionMask = 2147483647;
			files = (
				040F287028C206F400DC0EE1 /* RadioSectionView.swift in Sources */,
				04DDF9CF28BB57CF00F81A86 /* MediaRowView.swift in Sources */,
				040F287328C20C7100DC0EE1 /* RadioModel.swift in Sources */,
				04819A4E28BA805500F57982 /* ListView.swift in Sources */,
				040F287528C2199900DC0EE1 /* RadioView.swift in Sources */,
				040F287928C22E0E00DC0EE1 /* StationSectionView.swift in Sources */,
				040F287728C2254B00DC0EE1 /* StationView.swift in Sources */,
				04819A3B28BA7E3300F57982 /* LibraryView.swift in Sources */,
				04819A4B28BA7F8B00F57982 /* MainView.swift in Sources */,
				04819A5028BA80A400F57982 /* PlayerView.swift in Sources */,
				048135FD28BA8E400006AB63 /* ListModel.swift in Sources */,
				04819A3928BA7E3300F57982 /* AppleMusicSwiftUIApp.swift in Sources */,
			);
			runOnlyForDeploymentPostprocessing = 0;
		};
/* End PBXSourcesBuildPhase section */

/* Begin XCBuildConfiguration section */
		04819A4128BA7E3500F57982 /* Debug */ = {
			isa = XCBuildConfiguration;
			buildSettings = {
				ALWAYS_SEARCH_USER_PATHS = NO;
				CLANG_ANALYZER_NONNULL = YES;
				CLANG_ANALYZER_NUMBER_OBJECT_CONVERSION = YES_AGGRESSIVE;
				CLANG_CXX_LANGUAGE_STANDARD = "gnu++17";
				CLANG_ENABLE_MODULES = YES;
				CLANG_ENABLE_OBJC_ARC = YES;
				CLANG_ENABLE_OBJC_WEAK = YES;
				CLANG_WARN_BLOCK_CAPTURE_AUTORELEASING = YES;
				CLANG_WARN_BOOL_CONVERSION = YES;
				CLANG_WARN_COMMA = YES;
				CLANG_WARN_CONSTANT_CONVERSION = YES;
				CLANG_WARN_DEPRECATED_OBJC_IMPLEMENTATIONS = YES;
				CLANG_WARN_DIRECT_OBJC_ISA_USAGE = YES_ERROR;
				CLANG_WARN_DOCUMENTATION_COMMENTS = YES;
				CLANG_WARN_EMPTY_BODY = YES;
				CLANG_WARN_ENUM_CONVERSION = YES;
				CLANG_WARN_INFINITE_RECURSION = YES;
				CLANG_WARN_INT_CONVERSION = YES;
				CLANG_WARN_NON_LITERAL_NULL_CONVERSION = YES;
				CLANG_WARN_OBJC_IMPLICIT_RETAIN_SELF = YES;
				CLANG_WARN_OBJC_LITERAL_CONVERSION = YES;
				CLANG_WARN_OBJC_ROOT_CLASS = YES_ERROR;
				CLANG_WARN_QUOTED_INCLUDE_IN_FRAMEWORK_HEADER = YES;
				CLANG_WARN_RANGE_LOOP_ANALYSIS = YES;
				CLANG_WARN_STRICT_PROTOTYPES = YES;
				CLANG_WARN_SUSPICIOUS_MOVE = YES;
				CLANG_WARN_UNGUARDED_AVAILABILITY = YES_AGGRESSIVE;
				CLANG_WARN_UNREACHABLE_CODE = YES;
				CLANG_WARN__DUPLICATE_METHOD_MATCH = YES;
				COPY_PHASE_STRIP = NO;
				DEBUG_INFORMATION_FORMAT = dwarf;
				ENABLE_STRICT_OBJC_MSGSEND = YES;
				ENABLE_TESTABILITY = YES;
				GCC_C_LANGUAGE_STANDARD = gnu11;
				GCC_DYNAMIC_NO_PIC = NO;
				GCC_NO_COMMON_BLOCKS = YES;
				GCC_OPTIMIZATION_LEVEL = 0;
				GCC_PREPROCESSOR_DEFINITIONS = (
					"DEBUG=1",
					"$(inherited)",
				);
				GCC_WARN_64_TO_32_BIT_CONVERSION = YES;
				GCC_WARN_ABOUT_RETURN_TYPE = YES_ERROR;
				GCC_WARN_UNDECLARED_SELECTOR = YES;
				GCC_WARN_UNINITIALIZED_AUTOS = YES_AGGRESSIVE;
				GCC_WARN_UNUSED_FUNCTION = YES;
				GCC_WARN_UNUSED_VARIABLE = YES;
				IPHONEOS_DEPLOYMENT_TARGET = 15.5;
				MTL_ENABLE_DEBUG_INFO = INCLUDE_SOURCE;
				MTL_FAST_MATH = YES;
				ONLY_ACTIVE_ARCH = YES;
				SDKROOT = iphoneos;
				SWIFT_ACTIVE_COMPILATION_CONDITIONS = DEBUG;
				SWIFT_OPTIMIZATION_LEVEL = "-Onone";
			};
			name = Debug;
		};
		04819A4228BA7E3500F57982 /* Release */ = {
			isa = XCBuildConfiguration;
			buildSettings = {
				ALWAYS_SEARCH_USER_PATHS = NO;
				CLANG_ANALYZER_NONNULL = YES;
				CLANG_ANALYZER_NUMBER_OBJECT_CONVERSION = YES_AGGRESSIVE;
				CLANG_CXX_LANGUAGE_STANDARD = "gnu++17";
				CLANG_ENABLE_MODULES = YES;
				CLANG_ENABLE_OBJC_ARC = YES;
				CLANG_ENABLE_OBJC_WEAK = YES;
				CLANG_WARN_BLOCK_CAPTURE_AUTORELEASING = YES;
				CLANG_WARN_BOOL_CONVERSION = YES;
				CLANG_WARN_COMMA = YES;
				CLANG_WARN_CONSTANT_CONVERSION = YES;
				CLANG_WARN_DEPRECATED_OBJC_IMPLEMENTATIONS = YES;
				CLANG_WARN_DIRECT_OBJC_ISA_USAGE = YES_ERROR;
				CLANG_WARN_DOCUMENTATION_COMMENTS = YES;
				CLANG_WARN_EMPTY_BODY = YES;
				CLANG_WARN_ENUM_CONVERSION = YES;
				CLANG_WARN_INFINITE_RECURSION = YES;
				CLANG_WARN_INT_CONVERSION = YES;
				CLANG_WARN_NON_LITERAL_NULL_CONVERSION = YES;
				CLANG_WARN_OBJC_IMPLICIT_RETAIN_SELF = YES;
				CLANG_WARN_OBJC_LITERAL_CONVERSION = YES;
				CLANG_WARN_OBJC_ROOT_CLASS = YES_ERROR;
				CLANG_WARN_QUOTED_INCLUDE_IN_FRAMEWORK_HEADER = YES;
				CLANG_WARN_RANGE_LOOP_ANALYSIS = YES;
				CLANG_WARN_STRICT_PROTOTYPES = YES;
				CLANG_WARN_SUSPICIOUS_MOVE = YES;
				CLANG_WARN_UNGUARDED_AVAILABILITY = YES_AGGRESSIVE;
				CLANG_WARN_UNREACHABLE_CODE = YES;
				CLANG_WARN__DUPLICATE_METHOD_MATCH = YES;
				COPY_PHASE_STRIP = NO;
				DEBUG_INFORMATION_FORMAT = "dwarf-with-dsym";
				ENABLE_NS_ASSERTIONS = NO;
				ENABLE_STRICT_OBJC_MSGSEND = YES;
				GCC_C_LANGUAGE_STANDARD = gnu11;
				GCC_NO_COMMON_BLOCKS = YES;
				GCC_WARN_64_TO_32_BIT_CONVERSION = YES;
				GCC_WARN_ABOUT_RETURN_TYPE = YES_ERROR;
				GCC_WARN_UNDECLARED_SELECTOR = YES;
				GCC_WARN_UNINITIALIZED_AUTOS = YES_AGGRESSIVE;
				GCC_WARN_UNUSED_FUNCTION = YES;
				GCC_WARN_UNUSED_VARIABLE = YES;
				IPHONEOS_DEPLOYMENT_TARGET = 15.5;
				MTL_ENABLE_DEBUG_INFO = NO;
				MTL_FAST_MATH = YES;
				SDKROOT = iphoneos;
				SWIFT_COMPILATION_MODE = wholemodule;
				SWIFT_OPTIMIZATION_LEVEL = "-O";
				VALIDATE_PRODUCT = YES;
			};
			name = Release;
		};
		04819A4428BA7E3500F57982 /* Debug */ = {
			isa = XCBuildConfiguration;
			buildSettings = {
				ASSETCATALOG_COMPILER_APPICON_NAME = AppIcon;
				ASSETCATALOG_COMPILER_GLOBAL_ACCENT_COLOR_NAME = AccentColor;
				CODE_SIGN_STYLE = Automatic;
				CURRENT_PROJECT_VERSION = 1;
				DEVELOPMENT_ASSET_PATHS = "AppleMusicSwiftUI/Resources/Preview\\ Content";
				DEVELOPMENT_TEAM = 4PMA8ARP43;
				ENABLE_PREVIEWS = YES;
				GENERATE_INFOPLIST_FILE = YES;
				INFOPLIST_FILE = AppleMusicSwiftUI/Resources/Configuration/Info.plist;
				INFOPLIST_KEY_UIApplicationSceneManifest_Generation = YES;
				INFOPLIST_KEY_UIApplicationSupportsIndirectInputEvents = YES;
				INFOPLIST_KEY_UILaunchScreen_Generation = YES;
				INFOPLIST_KEY_UISupportedInterfaceOrientations_iPad = "UIInterfaceOrientationPortrait UIInterfaceOrientationPortraitUpsideDown UIInterfaceOrientationLandscapeLeft UIInterfaceOrientationLandscapeRight";
				INFOPLIST_KEY_UISupportedInterfaceOrientations_iPhone = "UIInterfaceOrientationPortrait UIInterfaceOrientationLandscapeLeft UIInterfaceOrientationLandscapeRight";
				LD_RUNPATH_SEARCH_PATHS = (
					"$(inherited)",
					"@executable_path/Frameworks",
				);
				MARKETING_VERSION = 1.0;
				PRODUCT_BUNDLE_IDENTIFIER = com.my.AppleMusicSwiftUI;
				PRODUCT_NAME = "$(TARGET_NAME)";
				SWIFT_EMIT_LOC_STRINGS = YES;
				SWIFT_VERSION = 5.0;
				TARGETED_DEVICE_FAMILY = "1,2";
			};
			name = Debug;
		};
		04819A4528BA7E3500F57982 /* Release */ = {
			isa = XCBuildConfiguration;
			buildSettings = {
				ASSETCATALOG_COMPILER_APPICON_NAME = AppIcon;
				ASSETCATALOG_COMPILER_GLOBAL_ACCENT_COLOR_NAME = AccentColor;
				CODE_SIGN_STYLE = Automatic;
				CURRENT_PROJECT_VERSION = 1;
				DEVELOPMENT_ASSET_PATHS = "AppleMusicSwiftUI/Resources/Preview\\ Content";
				DEVELOPMENT_TEAM = 4PMA8ARP43;
				ENABLE_PREVIEWS = YES;
				GENERATE_INFOPLIST_FILE = YES;
				INFOPLIST_FILE = AppleMusicSwiftUI/Resources/Configuration/Info.plist;
				INFOPLIST_KEY_UIApplicationSceneManifest_Generation = YES;
				INFOPLIST_KEY_UIApplicationSupportsIndirectInputEvents = YES;
				INFOPLIST_KEY_UILaunchScreen_Generation = YES;
				INFOPLIST_KEY_UISupportedInterfaceOrientations_iPad = "UIInterfaceOrientationPortrait UIInterfaceOrientationPortraitUpsideDown UIInterfaceOrientationLandscapeLeft UIInterfaceOrientationLandscapeRight";
				INFOPLIST_KEY_UISupportedInterfaceOrientations_iPhone = "UIInterfaceOrientationPortrait UIInterfaceOrientationLandscapeLeft UIInterfaceOrientationLandscapeRight";
				LD_RUNPATH_SEARCH_PATHS = (
					"$(inherited)",
					"@executable_path/Frameworks",
				);
				MARKETING_VERSION = 1.0;
				PRODUCT_BUNDLE_IDENTIFIER = com.my.AppleMusicSwiftUI;
				PRODUCT_NAME = "$(TARGET_NAME)";
				SWIFT_EMIT_LOC_STRINGS = YES;
				SWIFT_VERSION = 5.0;
				TARGETED_DEVICE_FAMILY = "1,2";
			};
			name = Release;
		};
/* End XCBuildConfiguration section */

/* Begin XCConfigurationList section */
		04819A3028BA7E3300F57982 /* Build configuration list for PBXProject "AppleMusicSwiftUI" */ = {
			isa = XCConfigurationList;
			buildConfigurations = (
				04819A4128BA7E3500F57982 /* Debug */,
				04819A4228BA7E3500F57982 /* Release */,
			);
			defaultConfigurationIsVisible = 0;
			defaultConfigurationName = Release;
		};
		04819A4328BA7E3500F57982 /* Build configuration list for PBXNativeTarget "AppleMusicSwiftUI" */ = {
			isa = XCConfigurationList;
			buildConfigurations = (
				04819A4428BA7E3500F57982 /* Debug */,
				04819A4528BA7E3500F57982 /* Release */,
			);
			defaultConfigurationIsVisible = 0;
			defaultConfigurationName = Release;
		};
/* End XCConfigurationList section */
	};
	rootObject = 04819A2D28BA7E3300F57982 /* Project object */;
}
